
Microsoft Visual Studio Solution File, Format Version 12.00
# Visual Studio Version 16
VisualStudioVersion = 16.0.29519.87
MinimumVisualStudioVersion = 10.0.40219.1
Project("{8BC9CEB8-8B4A-11D0-8D11-00A0C91BC942}") = "CredUILauncher", "Provider\CredUILauncher\CredUILauncher.vcxproj", "{D1F100CA-0215-405D-9B43-7C0AAAAC8880}"
EndProject
Project("{8BC9CEB8-8B4A-11D0-8D11-00A0C91BC942}") = "RfidCredentialProvider", "Provider\RfidCredentialProvider\RfidCredentialProvider.vcxproj", "{DD093E4D-DFE5-4ECD-ADBD-AA71A05F1314}"
EndProject
Project("{2150E333-8FDC-42A3-9474-1A3956D46DE8}") = "Provider", "Provider", "{10910983-E6AF-4824-88CD-992A97E780D4}"
EndProject
Project("{2150E333-8FDC-42A3-9474-1A3956D46DE8}") = "Manager", "Manager", "{3E73C0BD-A239-468D-9302-26B12CFA90F5}"
EndProject
Project("{FAE04EC0-301F-11D3-BF4B-00C04F79EFBC}") = "TestWizard", "Manager\TestWizard\TestWizard.csproj", "{C4C2A78E-01F3-4D2C-A3FB-1C90D8F58033}"
EndProject
Project("{FAE04EC0-301F-11D3-BF4B-00C04F79EFBC}") = "Wizard.Controls", "Manager\Wizard.Controls\Wizard.Controls.csproj", "{23AD43FF-38F2-4FEC-9FAA-D7B2FA54492B}"
EndProject
Project("{FAE04EC0-301F-11D3-BF4B-00C04F79EFBC}") = "Wizard.UI", "Manager\Wizard.UI\Wizard.UI.csproj", "{80614F74-563D-418E-9BF6-1294F73521C0}"
EndProject
Project("{2150E333-8FDC-42A3-9474-1A3956D46DE8}") = "Installer", "Installer", "{55ED87CD-50E1-4D9D-8F82-64C7E131B5C2}"
EndProject
Project("{FAE04EC0-301F-11D3-BF4B-00C04F79EFBC}") = "RegisterSystem", "Installer\RegisterSystem\RegisterSystem.csproj", "{392410E4-C8FF-4E9F-BA6F-D791F95A6CDB}"
EndProject
Global
	GlobalSection(SolutionConfigurationPlatforms) = preSolution
		Debug|Win32 = Debug|Win32
		Debug|x64 = Debug|x64
		Release|Win32 = Release|Win32
		Release|x64 = Release|x64
	EndGlobalSection
	GlobalSection(ProjectConfigurationPlatforms) = postSolution
		{D1F100CA-0215-405D-9B43-7C0AAAAC8880}.Debug|Win32.ActiveCfg = Debug|Win32
		{D1F100CA-0215-405D-9B43-7C0AAAAC8880}.Debug|Win32.Build.0 = Debug|Win32
		{D1F100CA-0215-405D-9B43-7C0AAAAC8880}.Debug|x64.ActiveCfg = Debug|x64
		{D1F100CA-0215-405D-9B43-7C0AAAAC8880}.Debug|x64.Build.0 = Debug|x64
		{D1F100CA-0215-405D-9B43-7C0AAAAC8880}.Release|Win32.ActiveCfg = Release|Win32
		{D1F100CA-0215-405D-9B43-7C0AAAAC8880}.Release|Win32.Build.0 = Release|Win32
		{D1F100CA-0215-405D-9B43-7C0AAAAC8880}.Release|x64.ActiveCfg = Release|x64
		{D1F100CA-0215-405D-9B43-7C0AAAAC8880}.Release|x64.Build.0 = Release|x64
		{DD093E4D-DFE5-4ECD-ADBD-AA71A05F1314}.Debug|Win32.ActiveCfg = Debug|Win32
		{DD093E4D-DFE5-4ECD-ADBD-AA71A05F1314}.Debug|Win32.Build.0 = Debug|Win32
		{DD093E4D-DFE5-4ECD-ADBD-AA71A05F1314}.Debug|x64.ActiveCfg = Debug|x64
		{DD093E4D-DFE5-4ECD-ADBD-AA71A05F1314}.Debug|x64.Build.0 = Debug|x64
		{DD093E4D-DFE5-4ECD-ADBD-AA71A05F1314}.Release|Win32.ActiveCfg = Release|Win32
		{DD093E4D-DFE5-4ECD-ADBD-AA71A05F1314}.Release|Win32.Build.0 = Release|Win32
		{DD093E4D-DFE5-4ECD-ADBD-AA71A05F1314}.Release|x64.ActiveCfg = Release|x64
		{DD093E4D-DFE5-4ECD-ADBD-AA71A05F1314}.Release|x64.Build.0 = Release|x64
		{C4C2A78E-01F3-4D2C-A3FB-1C90D8F58033}.Debug|Win32.ActiveCfg = Debug|x86
		{C4C2A78E-01F3-4D2C-A3FB-1C90D8F58033}.Debug|Win32.Build.0 = Debug|x86
		{C4C2A78E-01F3-4D2C-A3FB-1C90D8F58033}.Debug|x64.ActiveCfg = Debug|x64
		{C4C2A78E-01F3-4D2C-A3FB-1C90D8F58033}.Debug|x64.Build.0 = Debug|x64
		{C4C2A78E-01F3-4D2C-A3FB-1C90D8F58033}.Release|Win32.ActiveCfg = Release|x86
		{C4C2A78E-01F3-4D2C-A3FB-1C90D8F58033}.Release|Win32.Build.0 = Release|x86
		{C4C2A78E-01F3-4D2C-A3FB-1C90D8F58033}.Release|x64.ActiveCfg = Release|x64
		{C4C2A78E-01F3-4D2C-A3FB-1C90D8F58033}.Release|x64.Build.0 = Release|x64
		{23AD43FF-38F2-4FEC-9FAA-D7B2FA54492B}.Debug|Win32.ActiveCfg = Debug|x86
		{23AD43FF-38F2-4FEC-9FAA-D7B2FA54492B}.Debug|Win32.Build.0 = Debug|x86
		{23AD43FF-38F2-4FEC-9FAA-D7B2FA54492B}.Debug|x64.ActiveCfg = Debug|x64
		{23AD43FF-38F2-4FEC-9FAA-D7B2FA54492B}.Debug|x64.Build.0 = Debug|x64
		{23AD43FF-38F2-4FEC-9FAA-D7B2FA54492B}.Release|Win32.ActiveCfg = Release|x86
		{23AD43FF-38F2-4FEC-9FAA-D7B2FA54492B}.Release|Win32.Build.0 = Release|x86
		{23AD43FF-38F2-4FEC-9FAA-D7B2FA54492B}.Release|x64.ActiveCfg = Release|x64
		{23AD43FF-38F2-4FEC-9FAA-D7B2FA54492B}.Release|x64.Build.0 = Release|x64
		{80614F74-563D-418E-9BF6-1294F73521C0}.Debug|Win32.ActiveCfg = Debug|x86
		{80614F74-563D-418E-9BF6-1294F73521C0}.Debug|Win32.Build.0 = Debug|x86
		{80614F74-563D-418E-9BF6-1294F73521C0}.Debug|x64.ActiveCfg = Debug|x64
		{80614F74-563D-418E-9BF6-1294F73521C0}.Debug|x64.Build.0 = Debug|x64
		{80614F74-563D-418E-9BF6-1294F73521C0}.Release|Win32.ActiveCfg = Release|x86
		{80614F74-563D-418E-9BF6-1294F73521C0}.Release|Win32.Build.0 = Release|x86
		{80614F74-563D-418E-9BF6-1294F73521C0}.Release|x64.ActiveCfg = Release|x64
		{80614F74-563D-418E-9BF6-1294F73521C0}.Release|x64.Build.0 = Release|x64
		{392410E4-C8FF-4E9F-BA6F-D791F95A6CDB}.Debug|Win32.ActiveCfg = Debug|x86
		{392410E4-C8FF-4E9F-BA6F-D791F95A6CDB}.Debug|Win32.Build.0 = Debug|x86
		{392410E4-C8FF-4E9F-BA6F-D791F95A6CDB}.Debug|x64.ActiveCfg = Debug|x64
		{392410E4-C8FF-4E9F-BA6F-D791F95A6CDB}.Debug|x64.Build.0 = Debug|x64
		{392410E4-C8FF-4E9F-BA6F-D791F95A6CDB}.Release|Win32.ActiveCfg = Release|x86
		{392410E4-C8FF-4E9F-BA6F-D791F95A6CDB}.Release|Win32.Build.0 = Release|x86
		{392410E4-C8FF-4E9F-BA6F-D791F95A6CDB}.Release|x64.ActiveCfg = Release|x64
		{392410E4-C8FF-4E9F-BA6F-D791F95A6CDB}.Release|x64.Build.0 = Release|x64
	EndGlobalSection
	GlobalSection(SolutionProperties) = preSolution
		HideSolutionNode = FALSE
	EndGlobalSection
	GlobalSection(NestedProjects) = preSolution
		{D1F100CA-0215-405D-9B43-7C0AAAAC8880} = {10910983-E6AF-4824-88CD-992A97E780D4}
		{DD093E4D-DFE5-4ECD-ADBD-AA71A05F1314} = {10910983-E6AF-4824-88CD-992A97E780D4}
		{C4C2A78E-01F3-4D2C-A3FB-1C90D8F58033} = {3E73C0BD-A239-468D-9302-26B12CFA90F5}
		{23AD43FF-38F2-4FEC-9FAA-D7B2FA54492B} = {3E73C0BD-A239-468D-9302-26B12CFA90F5}
		{80614F74-563D-418E-9BF6-1294F73521C0} = {3E73C0BD-A239-468D-9302-26B12CFA90F5}
		{392410E4-C8FF-4E9F-BA6F-D791F95A6CDB} = {55ED87CD-50E1-4D9D-8F82-64C7E131B5C2}
	EndGlobalSection
	GlobalSection(ExtensibilityGlobals) = postSolution
		SolutionGuid = {FB44CA25-5D51-4AA1-92EF-D118C5420B4E}
	EndGlobalSection
EndGlobal
